
Microsoft Visual Studio Solution File, Format Version 12.00
# Visual Studio 2013
VisualStudioVersion = 12.0.21005.1
MinimumVisualStudioVersion = 10.0.40219.1
Project("{FAE04EC0-301F-11D3-BF4B-00C04F79EFBC}") = "MESInterface", "MESInterface\MESInterface.csproj", "{8F49A436-342C-42F5-AD6D-FB377574717D}"
EndProject
Project("{2150E333-8FDC-42A3-9474-1A3956D46DE8}") = "基础框架", "基础框架", "{221495EE-208D-44E7-A356-7090E8249551}"
EndProject
Project("{FAE04EC0-301F-11D3-BF4B-00C04F79EFBC}") = "MES", "MES\MES.csproj", "{5889477F-3409-44C1-A650-AE920365A9F8}"
EndProject
Project("{FAE04EC0-301F-11D3-BF4B-00C04F79EFBC}") = "AYDataAccess", "AYDataAccess\AYDataAccess.csproj", "{8A8457C3-87AC-434C-AF83-B6ACB0F337FC}"
EndProject
Project("{FAE04EC0-301F-11D3-BF4B-00C04F79EFBC}") = "AYUI", "AYUI\AYUI.csproj", "{B914DCFF-CC91-4B21-817E-EA755B4AEFCF}"
EndProject
Project("{FAE04EC0-301F-11D3-BF4B-00C04F79EFBC}") = "AYUIPresenter", "AYUIPresenter\AYUIPresenter.csproj", "{359AC089-8955-4013-BBF5-F163B71B4389}"
EndProject
Project("{FAE04EC0-301F-11D3-BF4B-00C04F79EFBC}") = "AYUIInterface", "AYUIInterface\AYUIInterface.csproj", "{5A03EB55-D042-4841-8864-92CC99DF5E80}"
EndProject
Project("{FAE04EC0-301F-11D3-BF4B-00C04F79EFBC}") = "AYWCFServer", "AYWCFServer\AYWCFServer.csproj", "{C032E4CC-E4D7-421B-9BA7-CFC9DB9E2AD3}"
EndProject
Project("{2150E333-8FDC-42A3-9474-1A3956D46DE8}") = "遨优项目", "遨优项目", "{C0B6BB4C-525C-425D-8870-84C17DF46857}"
EndProject
Project("{2150E333-8FDC-42A3-9474-1A3956D46DE8}") = "测试", "测试", "{0F0AC32F-E379-4BB4-AB04-ED4B75359283}"
EndProject
Project("{FAE04EC0-301F-11D3-BF4B-00C04F79EFBC}") = "AYWCFClient", "AYWCFClient\AYWCFClient.csproj", "{99F510ED-6F67-4FFA-8B5D-282BFC400C29}"
EndProject
Project("{FAE04EC0-301F-11D3-BF4B-00C04F79EFBC}") = "TestWcf", "TestWcf\TestWcf.csproj", "{455C205C-23DF-4184-8566-92E43BC7F0C2}"
EndProject
Global
	GlobalSection(SolutionConfigurationPlatforms) = preSolution
		Debug|Any CPU = Debug|Any CPU
		Release|Any CPU = Release|Any CPU
	EndGlobalSection
	GlobalSection(ProjectConfigurationPlatforms) = postSolution
		{8F49A436-342C-42F5-AD6D-FB377574717D}.Debug|Any CPU.ActiveCfg = Debug|Any CPU
		{8F49A436-342C-42F5-AD6D-FB377574717D}.Debug|Any CPU.Build.0 = Debug|Any CPU
		{8F49A436-342C-42F5-AD6D-FB377574717D}.Release|Any CPU.ActiveCfg = Release|Any CPU
		{8F49A436-342C-42F5-AD6D-FB377574717D}.Release|Any CPU.Build.0 = Release|Any CPU
		{5889477F-3409-44C1-A650-AE920365A9F8}.Debug|Any CPU.ActiveCfg = Debug|Any CPU
		{5889477F-3409-44C1-A650-AE920365A9F8}.Debug|Any CPU.Build.0 = Debug|Any CPU
		{5889477F-3409-44C1-A650-AE920365A9F8}.Release|Any CPU.ActiveCfg = Release|Any CPU
		{5889477F-3409-44C1-A650-AE920365A9F8}.Release|Any CPU.Build.0 = Release|Any CPU
		{8A8457C3-87AC-434C-AF83-B6ACB0F337FC}.Debug|Any CPU.ActiveCfg = Debug|Any CPU
		{8A8457C3-87AC-434C-AF83-B6ACB0F337FC}.Debug|Any CPU.Build.0 = Debug|Any CPU
		{8A8457C3-87AC-434C-AF83-B6ACB0F337FC}.Release|Any CPU.ActiveCfg = Release|Any CPU
		{8A8457C3-87AC-434C-AF83-B6ACB0F337FC}.Release|Any CPU.Build.0 = Release|Any CPU
		{B914DCFF-CC91-4B21-817E-EA755B4AEFCF}.Debug|Any CPU.ActiveCfg = Debug|Any CPU
		{B914DCFF-CC91-4B21-817E-EA755B4AEFCF}.Debug|Any CPU.Build.0 = Debug|Any CPU
		{B914DCFF-CC91-4B21-817E-EA755B4AEFCF}.Release|Any CPU.ActiveCfg = Release|Any CPU
		{B914DCFF-CC91-4B21-817E-EA755B4AEFCF}.Release|Any CPU.Build.0 = Release|Any CPU
		{359AC089-8955-4013-BBF5-F163B71B4389}.Debug|Any CPU.ActiveCfg = Debug|Any CPU
		{359AC089-8955-4013-BBF5-F163B71B4389}.Debug|Any CPU.Build.0 = Debug|Any CPU
		{359AC089-8955-4013-BBF5-F163B71B4389}.Release|Any CPU.ActiveCfg = Release|Any CPU
		{359AC089-8955-4013-BBF5-F163B71B4389}.Release|Any CPU.Build.0 = Release|Any CPU
		{5A03EB55-D042-4841-8864-92CC99DF5E80}.Debug|Any CPU.ActiveCfg = Debug|Any CPU
		{5A03EB55-D042-4841-8864-92CC99DF5E80}.Debug|Any CPU.Build.0 = Debug|Any CPU
		{5A03EB55-D042-4841-8864-92CC99DF5E80}.Release|Any CPU.ActiveCfg = Release|Any CPU
		{5A03EB55-D042-4841-8864-92CC99DF5E80}.Release|Any CPU.Build.0 = Release|Any CPU
		{C032E4CC-E4D7-421B-9BA7-CFC9DB9E2AD3}.Debug|Any CPU.ActiveCfg = Debug|Any CPU
		{C032E4CC-E4D7-421B-9BA7-CFC9DB9E2AD3}.Debug|Any CPU.Build.0 = Debug|Any CPU
		{C032E4CC-E4D7-421B-9BA7-CFC9DB9E2AD3}.Release|Any CPU.ActiveCfg = Release|Any CPU
		{C032E4CC-E4D7-421B-9BA7-CFC9DB9E2AD3}.Release|Any CPU.Build.0 = Release|Any CPU
		{99F510ED-6F67-4FFA-8B5D-282BFC400C29}.Debug|Any CPU.ActiveCfg = Debug|Any CPU
		{99F510ED-6F67-4FFA-8B5D-282BFC400C29}.Debug|Any CPU.Build.0 = Debug|Any CPU
		{99F510ED-6F67-4FFA-8B5D-282BFC400C29}.Release|Any CPU.ActiveCfg = Release|Any CPU
		{99F510ED-6F67-4FFA-8B5D-282BFC400C29}.Release|Any CPU.Build.0 = Release|Any CPU
		{455C205C-23DF-4184-8566-92E43BC7F0C2}.Debug|Any CPU.ActiveCfg = Debug|Any CPU
		{455C205C-23DF-4184-8566-92E43BC7F0C2}.Debug|Any CPU.Build.0 = Debug|Any CPU
		{455C205C-23DF-4184-8566-92E43BC7F0C2}.Release|Any CPU.ActiveCfg = Release|Any CPU
		{455C205C-23DF-4184-8566-92E43BC7F0C2}.Release|Any CPU.Build.0 = Release|Any CPU
	EndGlobalSection
	GlobalSection(SolutionProperties) = preSolution
		HideSolutionNode = FALSE
	EndGlobalSection
	GlobalSection(NestedProjects) = preSolution
		{8F49A436-342C-42F5-AD6D-FB377574717D} = {221495EE-208D-44E7-A356-7090E8249551}
		{5889477F-3409-44C1-A650-AE920365A9F8} = {221495EE-208D-44E7-A356-7090E8249551}
		{8A8457C3-87AC-434C-AF83-B6ACB0F337FC} = {C0B6BB4C-525C-425D-8870-84C17DF46857}
		{B914DCFF-CC91-4B21-817E-EA755B4AEFCF} = {C0B6BB4C-525C-425D-8870-84C17DF46857}
		{5A03EB55-D042-4841-8864-92CC99DF5E80} = {C0B6BB4C-525C-425D-8870-84C17DF46857}
		{359AC089-8955-4013-BBF5-F163B71B4389} = {C0B6BB4C-525C-425D-8870-84C17DF46857}
		{C032E4CC-E4D7-421B-9BA7-CFC9DB9E2AD3} = {C0B6BB4C-525C-425D-8870-84C17DF46857}
		{99F510ED-6F67-4FFA-8B5D-282BFC400C29} = {C0B6BB4C-525C-425D-8870-84C17DF46857}
		{455C205C-23DF-4184-8566-92E43BC7F0C2} = {0F0AC32F-E379-4BB4-AB04-ED4B75359283}
	EndGlobalSection
EndGlobal
